
Microsoft Visual Studio Solution File, Format Version 12.00
Project("***REMOVED***FAE04EC0-301F-11D3-BF4B-00C04F79EFBC***REMOVED***") = "PrQuantifier", "src\PrQuantifier\PrQuantifier.csproj", "***REMOVED***24E11D61-9A32-47CF-8154-6050428097D5***REMOVED***"
EndProject
Project("***REMOVED***FAE04EC0-301F-11D3-BF4B-00C04F79EFBC***REMOVED***") = "PrQuantifier.Tests", "src\PrQuantifier.Tests\PrQuantifier.Tests\PrQuantifier.Tests.csproj", "***REMOVED***583C4A78-31EC-4C63-9877-2AD7AEC8DCD9***REMOVED***"
EndProject
Project("***REMOVED***FAE04EC0-301F-11D3-BF4B-00C04F79EFBC***REMOVED***") = "PrQuantifier.Core", "src\PrQuantifier.Core\PrQuantifier.Core.csproj", "***REMOVED***E0444228-06A3-4C48-925D-1DB836DD0B0C***REMOVED***"
EndProject
Global
	GlobalSection(SolutionConfigurationPlatforms) = preSolution
		Debug|Any CPU = Debug|Any CPU
		Release|Any CPU = Release|Any CPU
	EndGlobalSection
	GlobalSection(ProjectConfigurationPlatforms) = postSolution
		***REMOVED***24E11D61-9A32-47CF-8154-6050428097D5***REMOVED***.Debug|Any CPU.ActiveCfg = Debug|Any CPU
		***REMOVED***24E11D61-9A32-47CF-8154-6050428097D5***REMOVED***.Debug|Any CPU.Build.0 = Debug|Any CPU
		***REMOVED***24E11D61-9A32-47CF-8154-6050428097D5***REMOVED***.Release|Any CPU.ActiveCfg = Release|Any CPU
		***REMOVED***24E11D61-9A32-47CF-8154-6050428097D5***REMOVED***.Release|Any CPU.Build.0 = Release|Any CPU
		***REMOVED***583C4A78-31EC-4C63-9877-2AD7AEC8DCD9***REMOVED***.Debug|Any CPU.ActiveCfg = Debug|Any CPU
		***REMOVED***583C4A78-31EC-4C63-9877-2AD7AEC8DCD9***REMOVED***.Debug|Any CPU.Build.0 = Debug|Any CPU
		***REMOVED***583C4A78-31EC-4C63-9877-2AD7AEC8DCD9***REMOVED***.Release|Any CPU.ActiveCfg = Release|Any CPU
		***REMOVED***583C4A78-31EC-4C63-9877-2AD7AEC8DCD9***REMOVED***.Release|Any CPU.Build.0 = Release|Any CPU
		***REMOVED***E0444228-06A3-4C48-925D-1DB836DD0B0C***REMOVED***.Debug|Any CPU.ActiveCfg = Debug|Any CPU
		***REMOVED***E0444228-06A3-4C48-925D-1DB836DD0B0C***REMOVED***.Debug|Any CPU.Build.0 = Debug|Any CPU
		***REMOVED***E0444228-06A3-4C48-925D-1DB836DD0B0C***REMOVED***.Release|Any CPU.ActiveCfg = Release|Any CPU
		***REMOVED***E0444228-06A3-4C48-925D-1DB836DD0B0C***REMOVED***.Release|Any CPU.Build.0 = Release|Any CPU
	EndGlobalSection
EndGlobal
