
Microsoft Visual Studio Solution File, Format Version 12.00
# Visual Studio Version 16
VisualStudioVersion = 16.0.29230.47
MinimumVisualStudioVersion = 10.0.40219.1
Project("***REMOVED***9A19103F-16F7-4668-BE54-9A1E7A4F7556***REMOVED***") = "PrQuantifier", "src\PrQuantifier\PrQuantifier.csproj", "***REMOVED***24E11D61-9A32-47CF-8154-6050428097D5***REMOVED***"
EndProject
Project("***REMOVED***9A19103F-16F7-4668-BE54-9A1E7A4F7556***REMOVED***") = "PrQuantifier.Abstractions", "src\PrQuantifier.Abstractions\PrQuantifier.Abstractions.csproj", "***REMOVED***E0444228-06A3-4C48-925D-1DB836DD0B0C***REMOVED***"
EndProject
Project("***REMOVED***9A19103F-16F7-4668-BE54-9A1E7A4F7556***REMOVED***") = "PrQuantifier.Tests", "src\PrQuantifier.Tests\PrQuantifier.Tests.csproj", "***REMOVED***8FBE0BFA-D3CD-4993-81B1-676A8E92080C***REMOVED***"
EndProject
Project("***REMOVED***2150E333-8FDC-42A3-9474-1A3956D46DE8***REMOVED***") = "Clients", "Clients", "***REMOVED***113A67BC-21CF-45D1-98A5-28EBC75E2584***REMOVED***"
EndProject
Project("***REMOVED***9A19103F-16F7-4668-BE54-9A1E7A4F7556***REMOVED***") = "PrQuantifier.Local.Client", "src\Clients\PrQuantifier.Local.Client\PrQuantifier.Local.Client.csproj", "***REMOVED***AE180A89-EBAD-40FD-A327-7CE6C153DCB6***REMOVED***"
EndProject
Project("***REMOVED***9A19103F-16F7-4668-BE54-9A1E7A4F7556***REMOVED***") = "PrQuantifier.Local.Context", "src\Clients\PrQuantifier.Local.Context\PrQuantifier.Local.Context.csproj", "***REMOVED***E0E51BB5-216E-4A07-9366-E52D42E344AE***REMOVED***"
EndProject
Project("***REMOVED***2150E333-8FDC-42A3-9474-1A3956D46DE8***REMOVED***") = "SampleContexts", "SampleContexts", "***REMOVED***7BC8D1D7-BA30-42ED-9C3D-8352BB8A5EC4***REMOVED***"
	ProjectSection(SolutionItems) = preProject
		src\SampleContexts\ContextModelSampleOne.yaml = src\SampleContexts\ContextModelSampleOne.yaml
	EndProjectSection
EndProject
Project("***REMOVED***9A19103F-16F7-4668-BE54-9A1E7A4F7556***REMOVED***") = "PrQuantifier.Abstractions.Tests", "src\PrQuantifier.Abstractions.Tests\PrQuantifier.Abstractions.Tests.csproj", "***REMOVED***E4C7263F-772C-4AB8-9476-F7457BF37E0B***REMOVED***"
EndProject
Project("***REMOVED***9A19103F-16F7-4668-BE54-9A1E7A4F7556***REMOVED***") = "PrQuantifier.Common.Tests", "src\PrQuantifier.Common.Tests\PrQuantifier.Common.Tests.csproj", "***REMOVED***68B79591-49EE-4BD9-B94B-82157E1CFEA0***REMOVED***"
EndProject
Project("***REMOVED***9A19103F-16F7-4668-BE54-9A1E7A4F7556***REMOVED***") = "PrQuantifier.Client", "src\Clients\PrQuantifier.Client\PrQuantifier.Client.csproj", "***REMOVED***3B592A72-1370-4803-BFBB-C23CA528FF86***REMOVED***"
EndProject
Project("***REMOVED***FAE04EC0-301F-11D3-BF4B-00C04F79EFBC***REMOVED***") = "PrQuantifier.Client.Tests", "src\Clients\PrQuantifier.Client.Tests\PrQuantifier.Client.Tests.csproj", "***REMOVED***794D833C-558E-4216-B405-98EDD601C68B***REMOVED***"
EndProject
Project("***REMOVED***FAE04EC0-301F-11D3-BF4B-00C04F79EFBC***REMOVED***") = "PrQuantifier.GitEngine", "src\PrQuantifier.GitEngine\PrQuantifier.GitEngine.csproj", "***REMOVED***4C398612-92A3-48AA-8A75-281F918239EA***REMOVED***"
EndProject
Project("***REMOVED***FAE04EC0-301F-11D3-BF4B-00C04F79EFBC***REMOVED***") = "PrQuantifier.GitEngine.Tests", "src\PrQuantifier.GitEngine.Tests\PrQuantifier.GitEngine.Tests.csproj", "***REMOVED***7756A204-2125-458C-92D0-17AEE27B9F4A***REMOVED***"
EndProject
Global
	GlobalSection(SolutionConfigurationPlatforms) = preSolution
		Debug|Any CPU = Debug|Any CPU
		Release|Any CPU = Release|Any CPU
	EndGlobalSection
	GlobalSection(ProjectConfigurationPlatforms) = postSolution
		***REMOVED***24E11D61-9A32-47CF-8154-6050428097D5***REMOVED***.Debug|Any CPU.ActiveCfg = Debug|Any CPU
		***REMOVED***24E11D61-9A32-47CF-8154-6050428097D5***REMOVED***.Debug|Any CPU.Build.0 = Debug|Any CPU
		***REMOVED***24E11D61-9A32-47CF-8154-6050428097D5***REMOVED***.Release|Any CPU.ActiveCfg = Release|Any CPU
		***REMOVED***24E11D61-9A32-47CF-8154-6050428097D5***REMOVED***.Release|Any CPU.Build.0 = Release|Any CPU
		***REMOVED***E0444228-06A3-4C48-925D-1DB836DD0B0C***REMOVED***.Debug|Any CPU.ActiveCfg = Debug|Any CPU
		***REMOVED***E0444228-06A3-4C48-925D-1DB836DD0B0C***REMOVED***.Debug|Any CPU.Build.0 = Debug|Any CPU
		***REMOVED***E0444228-06A3-4C48-925D-1DB836DD0B0C***REMOVED***.Release|Any CPU.ActiveCfg = Release|Any CPU
		***REMOVED***E0444228-06A3-4C48-925D-1DB836DD0B0C***REMOVED***.Release|Any CPU.Build.0 = Release|Any CPU
		***REMOVED***8FBE0BFA-D3CD-4993-81B1-676A8E92080C***REMOVED***.Debug|Any CPU.ActiveCfg = Debug|Any CPU
		***REMOVED***8FBE0BFA-D3CD-4993-81B1-676A8E92080C***REMOVED***.Debug|Any CPU.Build.0 = Debug|Any CPU
		***REMOVED***8FBE0BFA-D3CD-4993-81B1-676A8E92080C***REMOVED***.Release|Any CPU.ActiveCfg = Release|Any CPU
		***REMOVED***8FBE0BFA-D3CD-4993-81B1-676A8E92080C***REMOVED***.Release|Any CPU.Build.0 = Release|Any CPU
		***REMOVED***AE180A89-EBAD-40FD-A327-7CE6C153DCB6***REMOVED***.Debug|Any CPU.ActiveCfg = Debug|Any CPU
		***REMOVED***AE180A89-EBAD-40FD-A327-7CE6C153DCB6***REMOVED***.Debug|Any CPU.Build.0 = Debug|Any CPU
		***REMOVED***AE180A89-EBAD-40FD-A327-7CE6C153DCB6***REMOVED***.Release|Any CPU.ActiveCfg = Release|Any CPU
		***REMOVED***AE180A89-EBAD-40FD-A327-7CE6C153DCB6***REMOVED***.Release|Any CPU.Build.0 = Release|Any CPU
		***REMOVED***E0E51BB5-216E-4A07-9366-E52D42E344AE***REMOVED***.Debug|Any CPU.ActiveCfg = Debug|Any CPU
		***REMOVED***E0E51BB5-216E-4A07-9366-E52D42E344AE***REMOVED***.Debug|Any CPU.Build.0 = Debug|Any CPU
		***REMOVED***E0E51BB5-216E-4A07-9366-E52D42E344AE***REMOVED***.Release|Any CPU.ActiveCfg = Release|Any CPU
		***REMOVED***E0E51BB5-216E-4A07-9366-E52D42E344AE***REMOVED***.Release|Any CPU.Build.0 = Release|Any CPU
		***REMOVED***E4C7263F-772C-4AB8-9476-F7457BF37E0B***REMOVED***.Debug|Any CPU.ActiveCfg = Debug|Any CPU
		***REMOVED***E4C7263F-772C-4AB8-9476-F7457BF37E0B***REMOVED***.Debug|Any CPU.Build.0 = Debug|Any CPU
		***REMOVED***E4C7263F-772C-4AB8-9476-F7457BF37E0B***REMOVED***.Release|Any CPU.ActiveCfg = Release|Any CPU
		***REMOVED***E4C7263F-772C-4AB8-9476-F7457BF37E0B***REMOVED***.Release|Any CPU.Build.0 = Release|Any CPU
		***REMOVED***68B79591-49EE-4BD9-B94B-82157E1CFEA0***REMOVED***.Debug|Any CPU.ActiveCfg = Debug|Any CPU
		***REMOVED***68B79591-49EE-4BD9-B94B-82157E1CFEA0***REMOVED***.Debug|Any CPU.Build.0 = Debug|Any CPU
		***REMOVED***68B79591-49EE-4BD9-B94B-82157E1CFEA0***REMOVED***.Release|Any CPU.ActiveCfg = Release|Any CPU
		***REMOVED***68B79591-49EE-4BD9-B94B-82157E1CFEA0***REMOVED***.Release|Any CPU.Build.0 = Release|Any CPU
		***REMOVED***3B592A72-1370-4803-BFBB-C23CA528FF86***REMOVED***.Debug|Any CPU.ActiveCfg = Debug|Any CPU
		***REMOVED***3B592A72-1370-4803-BFBB-C23CA528FF86***REMOVED***.Debug|Any CPU.Build.0 = Debug|Any CPU
		***REMOVED***3B592A72-1370-4803-BFBB-C23CA528FF86***REMOVED***.Release|Any CPU.ActiveCfg = Release|Any CPU
		***REMOVED***3B592A72-1370-4803-BFBB-C23CA528FF86***REMOVED***.Release|Any CPU.Build.0 = Release|Any CPU
		***REMOVED***794D833C-558E-4216-B405-98EDD601C68B***REMOVED***.Debug|Any CPU.ActiveCfg = Debug|Any CPU
		***REMOVED***794D833C-558E-4216-B405-98EDD601C68B***REMOVED***.Debug|Any CPU.Build.0 = Debug|Any CPU
		***REMOVED***794D833C-558E-4216-B405-98EDD601C68B***REMOVED***.Release|Any CPU.ActiveCfg = Release|Any CPU
		***REMOVED***794D833C-558E-4216-B405-98EDD601C68B***REMOVED***.Release|Any CPU.Build.0 = Release|Any CPU
		***REMOVED***4C398612-92A3-48AA-8A75-281F918239EA***REMOVED***.Debug|Any CPU.ActiveCfg = Debug|Any CPU
		***REMOVED***4C398612-92A3-48AA-8A75-281F918239EA***REMOVED***.Debug|Any CPU.Build.0 = Debug|Any CPU
		***REMOVED***4C398612-92A3-48AA-8A75-281F918239EA***REMOVED***.Release|Any CPU.ActiveCfg = Release|Any CPU
		***REMOVED***4C398612-92A3-48AA-8A75-281F918239EA***REMOVED***.Release|Any CPU.Build.0 = Release|Any CPU
		***REMOVED***7756A204-2125-458C-92D0-17AEE27B9F4A***REMOVED***.Debug|Any CPU.ActiveCfg = Debug|Any CPU
		***REMOVED***7756A204-2125-458C-92D0-17AEE27B9F4A***REMOVED***.Debug|Any CPU.Build.0 = Debug|Any CPU
		***REMOVED***7756A204-2125-458C-92D0-17AEE27B9F4A***REMOVED***.Release|Any CPU.ActiveCfg = Release|Any CPU
		***REMOVED***7756A204-2125-458C-92D0-17AEE27B9F4A***REMOVED***.Release|Any CPU.Build.0 = Release|Any CPU
	EndGlobalSection
	GlobalSection(SolutionProperties) = preSolution
		HideSolutionNode = FALSE
	EndGlobalSection
	GlobalSection(NestedProjects) = preSolution
		***REMOVED***AE180A89-EBAD-40FD-A327-7CE6C153DCB6***REMOVED*** = ***REMOVED***113A67BC-21CF-45D1-98A5-28EBC75E2584***REMOVED***
		***REMOVED***E0E51BB5-216E-4A07-9366-E52D42E344AE***REMOVED*** = ***REMOVED***113A67BC-21CF-45D1-98A5-28EBC75E2584***REMOVED***
		***REMOVED***3B592A72-1370-4803-BFBB-C23CA528FF86***REMOVED*** = ***REMOVED***113A67BC-21CF-45D1-98A5-28EBC75E2584***REMOVED***
		***REMOVED***794D833C-558E-4216-B405-98EDD601C68B***REMOVED*** = ***REMOVED***113A67BC-21CF-45D1-98A5-28EBC75E2584***REMOVED***
	EndGlobalSection
	GlobalSection(ExtensibilityGlobals) = postSolution
		SolutionGuid = ***REMOVED***B8F5E1E3-3A8D-4D1C-8A8B-CA608A972B61***REMOVED***
	EndGlobalSection
EndGlobal
