
Microsoft Visual Studio Solution File, Format Version 12.00
# Visual Studio Version 16
VisualStudioVersion = 16.0.30804.86
MinimumVisualStudioVersion = 10.0.40219.1
Project("{FAE04EC0-301F-11D3-BF4B-00C04F79EFBC}") = "PrQuantifier.Vsix.Client", "src\Clients\PrQuantifier.Vsix.Client\PrQuantifier.Vsix.Client.csproj", "{799CC74E-9095-4F04-9922-8915A1F4F24C}"
EndProject
Project("{2150E333-8FDC-42A3-9474-1A3956D46DE8}") = "Clients", "Clients", "{4BF33A86-7B7C-4D39-B709-C25D5D136CFE}"
EndProject
Global
	GlobalSection(SolutionConfigurationPlatforms) = preSolution
		Debug|Any CPU = Debug|Any CPU
		Release|Any CPU = Release|Any CPU
	EndGlobalSection
	GlobalSection(ProjectConfigurationPlatforms) = postSolution
		{799CC74E-9095-4F04-9922-8915A1F4F24C}.Debug|Any CPU.ActiveCfg = Debug|Any CPU
		{799CC74E-9095-4F04-9922-8915A1F4F24C}.Debug|Any CPU.Build.0 = Debug|Any CPU
		{799CC74E-9095-4F04-9922-8915A1F4F24C}.Release|Any CPU.ActiveCfg = Release|Any CPU
		{799CC74E-9095-4F04-9922-8915A1F4F24C}.Release|Any CPU.Build.0 = Release|Any CPU
	EndGlobalSection
	GlobalSection(SolutionProperties) = preSolution
		HideSolutionNode = FALSE
	EndGlobalSection
	GlobalSection(NestedProjects) = preSolution
		{799CC74E-9095-4F04-9922-8915A1F4F24C} = {4BF33A86-7B7C-4D39-B709-C25D5D136CFE}
	EndGlobalSection
	GlobalSection(ExtensibilityGlobals) = postSolution
		SolutionGuid = {1B4ECDAC-3B31-4156-BDD0-460E460988EC}
	EndGlobalSection
EndGlobal
