
Microsoft Visual Studio Solution File, Format Version 12.00
Project("{FAE04EC0-301F-11D3-BF4B-00C04F79EFBC}") = "PrQuantifier", "src\PrQuantifier\PrQuantifier.csproj", "{24E11D61-9A32-47CF-8154-6050428097D5}"
EndProject
Global
	GlobalSection(SolutionConfigurationPlatforms) = preSolution
		Debug|Any CPU = Debug|Any CPU
		Release|Any CPU = Release|Any CPU
	EndGlobalSection
	GlobalSection(ProjectConfigurationPlatforms) = postSolution
		{24E11D61-9A32-47CF-8154-6050428097D5}.Debug|Any CPU.ActiveCfg = Debug|Any CPU
		{24E11D61-9A32-47CF-8154-6050428097D5}.Debug|Any CPU.Build.0 = Debug|Any CPU
		{24E11D61-9A32-47CF-8154-6050428097D5}.Release|Any CPU.ActiveCfg = Release|Any CPU
		{24E11D61-9A32-47CF-8154-6050428097D5}.Release|Any CPU.Build.0 = Release|Any CPU
	EndGlobalSection
EndGlobal
