
Microsoft Visual Studio Solution File, Format Version 12.00
# Visual Studio Version 16
VisualStudioVersion = 16.0.29230.47
MinimumVisualStudioVersion = 10.0.40219.1
Project("{9A19103F-16F7-4668-BE54-9A1E7A4F7556}") = "PullRequestQuantifier", "src\PullRequestQuantifier\PullRequestQuantifier.csproj", "{24E11D61-9A32-47CF-8154-6050428097D5}"
EndProject
Project("{9A19103F-16F7-4668-BE54-9A1E7A4F7556}") = "PullRequestQuantifier.Abstractions", "src\PullRequestQuantifier.Abstractions\PullRequestQuantifier.Abstractions.csproj", "{E0444228-06A3-4C48-925D-1DB836DD0B0C}"
EndProject
Project("{9A19103F-16F7-4668-BE54-9A1E7A4F7556}") = "PullRequestQuantifier.Tests", "src\PullRequestQuantifier.Tests\PullRequestQuantifier.Tests.csproj", "{8FBE0BFA-D3CD-4993-81B1-676A8E92080C}"
EndProject
Project("{2150E333-8FDC-42A3-9474-1A3956D46DE8}") = "Clients", "Clients", "{113A67BC-21CF-45D1-98A5-28EBC75E2584}"
EndProject
Project("{9A19103F-16F7-4668-BE54-9A1E7A4F7556}") = "PullRequestQuantifier.Local.Client", "src\Clients\PullRequestQuantifier.Local.Client\PullRequestQuantifier.Local.Client.csproj", "{AE180A89-EBAD-40FD-A327-7CE6C153DCB6}"
EndProject
Project("{9A19103F-16F7-4668-BE54-9A1E7A4F7556}") = "PullRequestQuantifier.Local.Context", "src\Clients\PullRequestQuantifier.Local.Context\PullRequestQuantifier.Local.Context.csproj", "{E0E51BB5-216E-4A07-9366-E52D42E344AE}"
EndProject
Project("{2150E333-8FDC-42A3-9474-1A3956D46DE8}") = "SampleContexts", "SampleContexts", "{7BC8D1D7-BA30-42ED-9C3D-8352BB8A5EC4}"
	ProjectSection(SolutionItems) = preProject
		src\SampleContexts\prquantifier.yaml = src\SampleContexts\prquantifier.yaml
	EndProjectSection
EndProject
Project("{9A19103F-16F7-4668-BE54-9A1E7A4F7556}") = "PullRequestQuantifier.Abstractions.Tests", "src\PullRequestQuantifier.Abstractions.Tests\PullRequestQuantifier.Abstractions.Tests.csproj", "{E4C7263F-772C-4AB8-9476-F7457BF37E0B}"
EndProject
Project("{9A19103F-16F7-4668-BE54-9A1E7A4F7556}") = "PullRequestQuantifier.Common.Tests", "src\PullRequestQuantifier.Common.Tests\PullRequestQuantifier.Common.Tests.csproj", "{68B79591-49EE-4BD9-B94B-82157E1CFEA0}"
EndProject
Project("{9A19103F-16F7-4668-BE54-9A1E7A4F7556}") = "PullRequestQuantifier.Client", "src\Clients\PullRequestQuantifier.Client\PullRequestQuantifier.Client.csproj", "{3B592A72-1370-4803-BFBB-C23CA528FF86}"
EndProject
Project("{9A19103F-16F7-4668-BE54-9A1E7A4F7556}") = "PullRequestQuantifier.Client.Tests", "src\Clients\PullRequestQuantifier.Client.Tests\PullRequestQuantifier.Client.Tests.csproj", "{794D833C-558E-4216-B405-98EDD601C68B}"
EndProject
Project("{9A19103F-16F7-4668-BE54-9A1E7A4F7556}") = "PullRequestQuantifier.GitEngine", "src\PullRequestQuantifier.GitEngine\PullRequestQuantifier.GitEngine.csproj", "{4C398612-92A3-48AA-8A75-281F918239EA}"
EndProject
Project("{9A19103F-16F7-4668-BE54-9A1E7A4F7556}") = "PullRequestQuantifier.GitEngine.Tests", "src\PullRequestQuantifier.GitEngine.Tests\PullRequestQuantifier.GitEngine.Tests.csproj", "{7756A204-2125-458C-92D0-17AEE27B9F4A}"
EndProject
Project("{9A19103F-16F7-4668-BE54-9A1E7A4F7556}") = "PullRequestQuantifier.GitHub.Client", "src\Clients\PullRequestQuantifier.GitHub.Client\PullRequestQuantifier.GitHub.Client.csproj", "{F9ED6691-A004-40FF-A14B-03D34CF85434}"
EndProject
Project("{9A19103F-16F7-4668-BE54-9A1E7A4F7556}") = "PullRequestQuantifier.Common", "src\PullRequestQuantifier.Common\PullRequestQuantifier.Common.csproj", "{455EC52D-F195-43A6-A2A9-F0864612CE74}"
EndProject
Project("{2150E333-8FDC-42A3-9474-1A3956D46DE8}") = "docs", "docs", "{1E9C71B6-F457-4700-B648-6E8AEFD61073}"
	ProjectSection(SolutionItems) = preProject
		docs\CSharpCodingGuidelines.md = docs\CSharpCodingGuidelines.md
		README.md = README.md
	EndProjectSection
EndProject
Project("{2150E333-8FDC-42A3-9474-1A3956D46DE8}") = "Tools", "Tools", "{2F57C36C-F742-4F79-BD6F-5A010BC42493}"
EndProject
Project("{9A19103F-16F7-4668-BE54-9A1E7A4F7556}") = "PullRequestQuantifier.Tools.CloneAdoRepo", "src\Tools\PullRequestQuantifier.Tools.CloneAdoRepo\PullRequestQuantifier.Tools.CloneAdoRepo.csproj", "{394885DD-5317-44D0-A719-580536F75712}"
EndProject
Project("{9A19103F-16F7-4668-BE54-9A1E7A4F7556}") = "PullRequestQuantifier.Tools.Common", "src\Tools\PullRequestQuantifier.Tools.Common\PullRequestQuantifier.Tools.Common.csproj", "{30EF695F-2A80-4062-BC1E-A1D43EAB3D6D}"
EndProject
Project("{9A19103F-16F7-4668-BE54-9A1E7A4F7556}") = "PullRequestQuantifier.VsCode.Client", "src\Clients\PullRequestQuantifier.VsCode.Client\PullRequestQuantifier.VsCode.Client.csproj", "{2835545C-5F28-4749-8CF4-AD0BDBFDFC1B}"
EndProject
Project("{FAE04EC0-301F-11D3-BF4B-00C04F79EFBC}") = "PullRequestQuantifier.Tools.QuantifyRepositories", "src\Tools\PullRequestQuantifier.Tools.QuantifyRepositories\PullRequestQuantifier.Tools.QuantifyRepositories.csproj", "{84C62145-2622-425F-B50B-DDD716AA7A32}"
EndProject
Project("{FAE04EC0-301F-11D3-BF4B-00C04F79EFBC}") = "PullRequestQuantifier.GitHub.Client.Tests", "src\Clients\PullRequestQuantifier.GitHub.Client.Tests\PullRequestQuantifier.GitHub.Client.Tests.csproj", "{18873758-0972-450A-B43E-9DD7D5C2EF4A}"
EndProject
Global
	GlobalSection(SolutionConfigurationPlatforms) = preSolution
		Debug|Any CPU = Debug|Any CPU
		Release|Any CPU = Release|Any CPU
	EndGlobalSection
	GlobalSection(ProjectConfigurationPlatforms) = postSolution
		{24E11D61-9A32-47CF-8154-6050428097D5}.Debug|Any CPU.ActiveCfg = Debug|Any CPU
		{24E11D61-9A32-47CF-8154-6050428097D5}.Debug|Any CPU.Build.0 = Debug|Any CPU
		{24E11D61-9A32-47CF-8154-6050428097D5}.Release|Any CPU.ActiveCfg = Release|Any CPU
		{24E11D61-9A32-47CF-8154-6050428097D5}.Release|Any CPU.Build.0 = Release|Any CPU
		{E0444228-06A3-4C48-925D-1DB836DD0B0C}.Debug|Any CPU.ActiveCfg = Debug|Any CPU
		{E0444228-06A3-4C48-925D-1DB836DD0B0C}.Debug|Any CPU.Build.0 = Debug|Any CPU
		{E0444228-06A3-4C48-925D-1DB836DD0B0C}.Release|Any CPU.ActiveCfg = Release|Any CPU
		{E0444228-06A3-4C48-925D-1DB836DD0B0C}.Release|Any CPU.Build.0 = Release|Any CPU
		{8FBE0BFA-D3CD-4993-81B1-676A8E92080C}.Debug|Any CPU.ActiveCfg = Debug|Any CPU
		{8FBE0BFA-D3CD-4993-81B1-676A8E92080C}.Debug|Any CPU.Build.0 = Debug|Any CPU
		{8FBE0BFA-D3CD-4993-81B1-676A8E92080C}.Release|Any CPU.ActiveCfg = Release|Any CPU
		{8FBE0BFA-D3CD-4993-81B1-676A8E92080C}.Release|Any CPU.Build.0 = Release|Any CPU
		{AE180A89-EBAD-40FD-A327-7CE6C153DCB6}.Debug|Any CPU.ActiveCfg = Debug|Any CPU
		{AE180A89-EBAD-40FD-A327-7CE6C153DCB6}.Debug|Any CPU.Build.0 = Debug|Any CPU
		{AE180A89-EBAD-40FD-A327-7CE6C153DCB6}.Release|Any CPU.ActiveCfg = Release|Any CPU
		{AE180A89-EBAD-40FD-A327-7CE6C153DCB6}.Release|Any CPU.Build.0 = Release|Any CPU
		{E0E51BB5-216E-4A07-9366-E52D42E344AE}.Debug|Any CPU.ActiveCfg = Debug|Any CPU
		{E0E51BB5-216E-4A07-9366-E52D42E344AE}.Debug|Any CPU.Build.0 = Debug|Any CPU
		{E0E51BB5-216E-4A07-9366-E52D42E344AE}.Release|Any CPU.ActiveCfg = Release|Any CPU
		{E0E51BB5-216E-4A07-9366-E52D42E344AE}.Release|Any CPU.Build.0 = Release|Any CPU
		{E4C7263F-772C-4AB8-9476-F7457BF37E0B}.Debug|Any CPU.ActiveCfg = Debug|Any CPU
		{E4C7263F-772C-4AB8-9476-F7457BF37E0B}.Debug|Any CPU.Build.0 = Debug|Any CPU
		{E4C7263F-772C-4AB8-9476-F7457BF37E0B}.Release|Any CPU.ActiveCfg = Release|Any CPU
		{E4C7263F-772C-4AB8-9476-F7457BF37E0B}.Release|Any CPU.Build.0 = Release|Any CPU
		{68B79591-49EE-4BD9-B94B-82157E1CFEA0}.Debug|Any CPU.ActiveCfg = Debug|Any CPU
		{68B79591-49EE-4BD9-B94B-82157E1CFEA0}.Debug|Any CPU.Build.0 = Debug|Any CPU
		{68B79591-49EE-4BD9-B94B-82157E1CFEA0}.Release|Any CPU.ActiveCfg = Release|Any CPU
		{68B79591-49EE-4BD9-B94B-82157E1CFEA0}.Release|Any CPU.Build.0 = Release|Any CPU
		{3B592A72-1370-4803-BFBB-C23CA528FF86}.Debug|Any CPU.ActiveCfg = Debug|Any CPU
		{3B592A72-1370-4803-BFBB-C23CA528FF86}.Debug|Any CPU.Build.0 = Debug|Any CPU
		{3B592A72-1370-4803-BFBB-C23CA528FF86}.Release|Any CPU.ActiveCfg = Release|Any CPU
		{3B592A72-1370-4803-BFBB-C23CA528FF86}.Release|Any CPU.Build.0 = Release|Any CPU
		{794D833C-558E-4216-B405-98EDD601C68B}.Debug|Any CPU.ActiveCfg = Debug|Any CPU
		{794D833C-558E-4216-B405-98EDD601C68B}.Debug|Any CPU.Build.0 = Debug|Any CPU
		{794D833C-558E-4216-B405-98EDD601C68B}.Release|Any CPU.ActiveCfg = Release|Any CPU
		{794D833C-558E-4216-B405-98EDD601C68B}.Release|Any CPU.Build.0 = Release|Any CPU
		{4C398612-92A3-48AA-8A75-281F918239EA}.Debug|Any CPU.ActiveCfg = Debug|Any CPU
		{4C398612-92A3-48AA-8A75-281F918239EA}.Debug|Any CPU.Build.0 = Debug|Any CPU
		{4C398612-92A3-48AA-8A75-281F918239EA}.Release|Any CPU.ActiveCfg = Release|Any CPU
		{4C398612-92A3-48AA-8A75-281F918239EA}.Release|Any CPU.Build.0 = Release|Any CPU
		{7756A204-2125-458C-92D0-17AEE27B9F4A}.Debug|Any CPU.ActiveCfg = Debug|Any CPU
		{7756A204-2125-458C-92D0-17AEE27B9F4A}.Debug|Any CPU.Build.0 = Debug|Any CPU
		{7756A204-2125-458C-92D0-17AEE27B9F4A}.Release|Any CPU.ActiveCfg = Release|Any CPU
		{7756A204-2125-458C-92D0-17AEE27B9F4A}.Release|Any CPU.Build.0 = Release|Any CPU
		{F9ED6691-A004-40FF-A14B-03D34CF85434}.Debug|Any CPU.ActiveCfg = Debug|Any CPU
		{F9ED6691-A004-40FF-A14B-03D34CF85434}.Debug|Any CPU.Build.0 = Debug|Any CPU
		{F9ED6691-A004-40FF-A14B-03D34CF85434}.Release|Any CPU.ActiveCfg = Release|Any CPU
		{F9ED6691-A004-40FF-A14B-03D34CF85434}.Release|Any CPU.Build.0 = Release|Any CPU
		{455EC52D-F195-43A6-A2A9-F0864612CE74}.Debug|Any CPU.ActiveCfg = Debug|Any CPU
		{455EC52D-F195-43A6-A2A9-F0864612CE74}.Debug|Any CPU.Build.0 = Debug|Any CPU
		{455EC52D-F195-43A6-A2A9-F0864612CE74}.Release|Any CPU.ActiveCfg = Release|Any CPU
		{455EC52D-F195-43A6-A2A9-F0864612CE74}.Release|Any CPU.Build.0 = Release|Any CPU
		{394885DD-5317-44D0-A719-580536F75712}.Debug|Any CPU.ActiveCfg = Debug|Any CPU
		{394885DD-5317-44D0-A719-580536F75712}.Debug|Any CPU.Build.0 = Debug|Any CPU
		{394885DD-5317-44D0-A719-580536F75712}.Release|Any CPU.ActiveCfg = Release|Any CPU
		{394885DD-5317-44D0-A719-580536F75712}.Release|Any CPU.Build.0 = Release|Any CPU
		{30EF695F-2A80-4062-BC1E-A1D43EAB3D6D}.Debug|Any CPU.ActiveCfg = Debug|Any CPU
		{30EF695F-2A80-4062-BC1E-A1D43EAB3D6D}.Debug|Any CPU.Build.0 = Debug|Any CPU
		{30EF695F-2A80-4062-BC1E-A1D43EAB3D6D}.Release|Any CPU.ActiveCfg = Release|Any CPU
		{30EF695F-2A80-4062-BC1E-A1D43EAB3D6D}.Release|Any CPU.Build.0 = Release|Any CPU
		{2835545C-5F28-4749-8CF4-AD0BDBFDFC1B}.Debug|Any CPU.ActiveCfg = Debug|Any CPU
		{2835545C-5F28-4749-8CF4-AD0BDBFDFC1B}.Debug|Any CPU.Build.0 = Debug|Any CPU
		{2835545C-5F28-4749-8CF4-AD0BDBFDFC1B}.Release|Any CPU.ActiveCfg = Release|Any CPU
		{2835545C-5F28-4749-8CF4-AD0BDBFDFC1B}.Release|Any CPU.Build.0 = Release|Any CPU
		{84C62145-2622-425F-B50B-DDD716AA7A32}.Debug|Any CPU.ActiveCfg = Debug|Any CPU
		{84C62145-2622-425F-B50B-DDD716AA7A32}.Debug|Any CPU.Build.0 = Debug|Any CPU
		{84C62145-2622-425F-B50B-DDD716AA7A32}.Release|Any CPU.ActiveCfg = Release|Any CPU
		{84C62145-2622-425F-B50B-DDD716AA7A32}.Release|Any CPU.Build.0 = Release|Any CPU
		{18873758-0972-450A-B43E-9DD7D5C2EF4A}.Debug|Any CPU.ActiveCfg = Debug|Any CPU
		{18873758-0972-450A-B43E-9DD7D5C2EF4A}.Debug|Any CPU.Build.0 = Debug|Any CPU
		{18873758-0972-450A-B43E-9DD7D5C2EF4A}.Release|Any CPU.ActiveCfg = Release|Any CPU
		{18873758-0972-450A-B43E-9DD7D5C2EF4A}.Release|Any CPU.Build.0 = Release|Any CPU
	EndGlobalSection
	GlobalSection(SolutionProperties) = preSolution
		HideSolutionNode = FALSE
	EndGlobalSection
	GlobalSection(NestedProjects) = preSolution
		{AE180A89-EBAD-40FD-A327-7CE6C153DCB6} = {113A67BC-21CF-45D1-98A5-28EBC75E2584}
		{E0E51BB5-216E-4A07-9366-E52D42E344AE} = {113A67BC-21CF-45D1-98A5-28EBC75E2584}
		{3B592A72-1370-4803-BFBB-C23CA528FF86} = {113A67BC-21CF-45D1-98A5-28EBC75E2584}
		{794D833C-558E-4216-B405-98EDD601C68B} = {113A67BC-21CF-45D1-98A5-28EBC75E2584}
		{F9ED6691-A004-40FF-A14B-03D34CF85434} = {113A67BC-21CF-45D1-98A5-28EBC75E2584}
		{394885DD-5317-44D0-A719-580536F75712} = {2F57C36C-F742-4F79-BD6F-5A010BC42493}
		{30EF695F-2A80-4062-BC1E-A1D43EAB3D6D} = {2F57C36C-F742-4F79-BD6F-5A010BC42493}
		{2835545C-5F28-4749-8CF4-AD0BDBFDFC1B} = {113A67BC-21CF-45D1-98A5-28EBC75E2584}
		{84C62145-2622-425F-B50B-DDD716AA7A32} = {2F57C36C-F742-4F79-BD6F-5A010BC42493}
		{18873758-0972-450A-B43E-9DD7D5C2EF4A} = {113A67BC-21CF-45D1-98A5-28EBC75E2584}
	EndGlobalSection
	GlobalSection(ExtensibilityGlobals) = postSolution
		SolutionGuid = {B8F5E1E3-3A8D-4D1C-8A8B-CA608A972B61}
	EndGlobalSection
EndGlobal
